{
    "version": 3,
    "terraform_version": "0.11.7",
    "serial": 4,
    "lineage": "6965fca9-5ad4-a6a0-3eb1-d804039f99b8",
    "modules": [
        {
            "path": [
                "root"
            ],
            "outputs": {},
            "resources": {
                "aws_instance.app-instance": {
                    "type": "aws_instance",
                    "depends_on": [
                        "data.template_file.app_user_data"
                    ],
                    "primary": {
                        "id": "i-08644ac5c277fd8ab",
                        "attributes": {
                            "ami": "ami-c2b8bfbb",
                            "arn": "arn:aws:ec2:eu-west-1:135928476890:instance/i-08644ac5c277fd8ab",
                            "associate_public_ip_address": "true",
                            "availability_zone": "eu-west-1c",
                            "cpu_core_count": "1",
                            "cpu_threads_per_core": "1",
                            "credit_specification.#": "1",
                            "credit_specification.0.cpu_credits": "standard",
                            "disable_api_termination": "false",
                            "ebs_block_device.#": "0",
                            "ebs_optimized": "false",
                            "ephemeral_block_device.#": "0",
                            "get_password_data": "false",
                            "iam_instance_profile": "",
                            "id": "i-08644ac5c277fd8ab",
                            "instance_state": "running",
                            "instance_type": "t2.micro",
                            "ipv6_addresses.#": "0",
                            "key_name": "",
                            "monitoring": "false",
                            "network_interface.#": "0",
                            "network_interface_id": "eni-0ab0caf958e148652",
                            "password_data": "",
                            "placement_group": "",
                            "primary_network_interface_id": "eni-0ab0caf958e148652",
                            "private_dns": "ip-172-31-26-119.eu-west-1.compute.internal",
                            "private_ip": "172.31.26.119",
                            "public_dns": "ec2-52-211-118-32.eu-west-1.compute.amazonaws.com",
                            "public_ip": "52.211.118.32",
                            "root_block_device.#": "1",
                            "root_block_device.0.delete_on_termination": "true",
                            "root_block_device.0.iops": "100",
                            "root_block_device.0.volume_id": "vol-0678cbc9d7c8249a7",
                            "root_block_device.0.volume_size": "8",
                            "root_block_device.0.volume_type": "gp2",
                            "security_groups.#": "1",
                            "security_groups.3814588639": "default",
                            "source_dest_check": "true",
                            "subnet_id": "subnet-06e57e70",
                            "tags.%": "1",
                            "tags.Name": "Manvir-app",
                            "tenancy": "default",
                            "user_data": "647d4f88be252f1c3caf7c18abaf31e6113051e0",
                            "volume_tags.%": "0",
                            "vpc_security_group_ids.#": "1",
                            "vpc_security_group_ids.1786576347": "sg-ff8d8d98"
                        },
                        "meta": {
                            "e2bfb730-ecaa-11e6-8f88-34363bc7c4c0": {
                                "create": 600000000000,
                                "delete": 1200000000000,
                                "update": 600000000000
                            },
                            "schema_version": "1"
                        },
                        "tainted": false
                    },
                    "deposed": [],
                    "provider": "provider.aws"
                },
                "aws_instance.db-instance": {
                    "type": "aws_instance",
                    "depends_on": [],
                    "primary": {
                        "id": "i-0bd01efc485124c95",
                        "attributes": {
                            "ami": "ami-01020378",
                            "arn": "arn:aws:ec2:eu-west-1:135928476890:instance/i-0bd01efc485124c95",
                            "associate_public_ip_address": "true",
                            "availability_zone": "eu-west-1c",
                            "cpu_core_count": "1",
                            "cpu_threads_per_core": "1",
                            "credit_specification.#": "1",
                            "credit_specification.0.cpu_credits": "standard",
                            "disable_api_termination": "false",
                            "ebs_block_device.#": "0",
                            "ebs_optimized": "false",
                            "ephemeral_block_device.#": "0",
                            "get_password_data": "false",
                            "iam_instance_profile": "",
                            "id": "i-0bd01efc485124c95",
                            "instance_state": "running",
                            "instance_type": "t2.micro",
                            "ipv6_addresses.#": "0",
                            "key_name": "",
                            "monitoring": "false",
                            "network_interface.#": "0",
                            "network_interface_id": "eni-0df3ee1d21d2ac927",
                            "password_data": "",
                            "placement_group": "",
                            "primary_network_interface_id": "eni-0df3ee1d21d2ac927",
                            "private_dns": "ip-172-31-23-136.eu-west-1.compute.internal",
                            "private_ip": "172.31.23.136",
                            "public_dns": "ec2-52-19-234-243.eu-west-1.compute.amazonaws.com",
                            "public_ip": "52.19.234.243",
                            "root_block_device.#": "1",
                            "root_block_device.0.delete_on_termination": "true",
                            "root_block_device.0.iops": "100",
                            "root_block_device.0.volume_id": "vol-012009658f438fb77",
                            "root_block_device.0.volume_size": "8",
                            "root_block_device.0.volume_type": "gp2",
                            "security_groups.#": "1",
                            "security_groups.3814588639": "default",
                            "source_dest_check": "true",
                            "subnet_id": "subnet-06e57e70",
                            "tags.%": "1",
                            "tags.Name": "Manvir-db",
                            "tenancy": "default",
                            "volume_tags.%": "0",
                            "vpc_security_group_ids.#": "1",
                            "vpc_security_group_ids.1786576347": "sg-ff8d8d98"
                        },
                        "meta": {
                            "e2bfb730-ecaa-11e6-8f88-34363bc7c4c0": {
                                "create": 600000000000,
                                "delete": 1200000000000,
                                "update": 600000000000
                            },
                            "schema_version": "1"
                        },
                        "tainted": false
                    },
                    "deposed": [],
                    "provider": "provider.aws"
                },
                "data.template_file.app_user_data": {
                    "type": "template_file",
                    "depends_on": [
                        "aws_instance.db-instance"
                    ],
                    "primary": {
                        "id": "ce6299b0374e512e441ff782801e50017f306ce26931dd88964c03d8df3f23fe",
                        "attributes": {
                            "id": "ce6299b0374e512e441ff782801e50017f306ce26931dd88964c03d8df3f23fe",
                            "rendered": "#!/bin/bash\n\nexport LC_ALL=c\ncd /home/ubuntu/app\nnpm install\nexport DB_Host=mongodb://172.31.23.136:27017/posts\npm2 start app.js\n",
                            "template": "#!/bin/bash\n\nexport LC_ALL=c\ncd /home/ubuntu/app\nnpm install\nexport DB_Host=${db_host}\npm2 start app.js\n",
                            "vars.%": "1",
                            "vars.db_host": "mongodb://172.31.23.136:27017/posts"
                        },
                        "meta": {},
                        "tainted": false
                    },
                    "deposed": [],
                    "provider": "provider.template"
                }
            },
            "depends_on": []
        }
    ]
}
